
Microsoft Visual Studio Solution File, Format Version 12.00
# Visual Studio Version 17
VisualStudioVersion = 17.5.33424.131
MinimumVisualStudioVersion = 10.0.40219.1
Project("{FAE04EC0-301F-11D3-BF4B-00C04F79EFBC}") = "EntryService", "EntryService\EntryService.csproj", "{0BAE145E-0E8A-4158-8239-3588B93C2337}"
EndProject
Project("{FAE04EC0-301F-11D3-BF4B-00C04F79EFBC}") = "EntryService.Services", "EntryService.Services\EntryService.Services.csproj", "{80298387-E85C-4C58-9DA6-CDC42070953F}"
EndProject
Project("{FAE04EC0-301F-11D3-BF4B-00C04F79EFBC}") = "EntryService.Repositories", "EntryService.Repositories\EntryService.Repositories.csproj", "{49939472-E4A6-4725-BA1C-175555DAF4AD}"
EndProject
Global
	GlobalSection(SolutionConfigurationPlatforms) = preSolution
		Debug|Any CPU = Debug|Any CPU
		Release|Any CPU = Release|Any CPU
	EndGlobalSection
	GlobalSection(ProjectConfigurationPlatforms) = postSolution
		{0BAE145E-0E8A-4158-8239-3588B93C2337}.Debug|Any CPU.ActiveCfg = Debug|Any CPU
		{0BAE145E-0E8A-4158-8239-3588B93C2337}.Debug|Any CPU.Build.0 = Debug|Any CPU
		{0BAE145E-0E8A-4158-8239-3588B93C2337}.Release|Any CPU.ActiveCfg = Release|Any CPU
		{0BAE145E-0E8A-4158-8239-3588B93C2337}.Release|Any CPU.Build.0 = Release|Any CPU
		{80298387-E85C-4C58-9DA6-CDC42070953F}.Debug|Any CPU.ActiveCfg = Debug|Any CPU
		{80298387-E85C-4C58-9DA6-CDC42070953F}.Debug|Any CPU.Build.0 = Debug|Any CPU
		{80298387-E85C-4C58-9DA6-CDC42070953F}.Release|Any CPU.ActiveCfg = Release|Any CPU
		{80298387-E85C-4C58-9DA6-CDC42070953F}.Release|Any CPU.Build.0 = Release|Any CPU
		{49939472-E4A6-4725-BA1C-175555DAF4AD}.Debug|Any CPU.ActiveCfg = Debug|Any CPU
		{49939472-E4A6-4725-BA1C-175555DAF4AD}.Debug|Any CPU.Build.0 = Debug|Any CPU
		{49939472-E4A6-4725-BA1C-175555DAF4AD}.Release|Any CPU.ActiveCfg = Release|Any CPU
		{49939472-E4A6-4725-BA1C-175555DAF4AD}.Release|Any CPU.Build.0 = Release|Any CPU
	EndGlobalSection
	GlobalSection(SolutionProperties) = preSolution
		HideSolutionNode = FALSE
	EndGlobalSection
	GlobalSection(ExtensibilityGlobals) = postSolution
		SolutionGuid = {72F4DA07-DA1A-43E6-ADE1-881E2E3F3435}
	EndGlobalSection
EndGlobal
